
Microsoft Visual Studio Solution File, Format Version 12.00
# Visual Studio Version 17
VisualStudioVersion = 17.4.33122.133
MinimumVisualStudioVersion = 10.0.40219.1
Project("{FAE04EC0-301F-11D3-BF4B-00C04F79EFBC}") = "ApiGateway", "MicroService\ApiGateway.csproj", "{9EB27075-6657-4847-A585-730FAA1709F2}"
EndProject
Project("{2150E333-8FDC-42A3-9474-1A3956D46DE8}") = "Services", "Services", "{10574645-C25B-4D2A-BF59-323908561FA1}"
EndProject
Project("{2150E333-8FDC-42A3-9474-1A3956D46DE8}") = "BookService", "BookService", "{FFA08767-B292-4AF4-83F0-35D05F963D6F}"
EndProject
Project("{2150E333-8FDC-42A3-9474-1A3956D46DE8}") = "UserService", "UserService", "{6836FCB3-A5F9-4615-84D7-264DB95AC6CA}"
EndProject
Project("{FAE04EC0-301F-11D3-BF4B-00C04F79EFBC}") = "Book.Domain", "Book.Domain\Book.Domain.csproj", "{20B226A1-F1B2-4AC7-A214-625ED336280C}"
EndProject
Project("{FAE04EC0-301F-11D3-BF4B-00C04F79EFBC}") = "Book.Infastructure", "Book.Infastructure\Book.Infastructure.csproj", "{7526E19D-C5C5-444A-BBBB-A8D14E070A4B}"
EndProject
Project("{FAE04EC0-301F-11D3-BF4B-00C04F79EFBC}") = "User.Domain", "User.Domain\User.Domain.csproj", "{755DBE28-3EE8-48C5-9B2B-FCC568FED781}"
EndProject
Project("{FAE04EC0-301F-11D3-BF4B-00C04F79EFBC}") = "User.Infastructure", "User.Infastructure\User.Infastructure.csproj", "{28C23D04-01FC-4DD0-B028-504289D71E19}"
EndProject
Project("{FAE04EC0-301F-11D3-BF4B-00C04F79EFBC}") = "Book.Api", "Book.Api\Book.Api.csproj", "{D6AF9E7F-3A99-4C10-832B-5C7F7D0D9A21}"
EndProject
Project("{FAE04EC0-301F-11D3-BF4B-00C04F79EFBC}") = "User.Api", "User.Api\User.Api.csproj", "{5ABF4934-E068-402C-BEA0-F705DC2106AD}"
EndProject
Global
	GlobalSection(SolutionConfigurationPlatforms) = preSolution
		Debug|Any CPU = Debug|Any CPU
		Release|Any CPU = Release|Any CPU
	EndGlobalSection
	GlobalSection(ProjectConfigurationPlatforms) = postSolution
		{9EB27075-6657-4847-A585-730FAA1709F2}.Debug|Any CPU.ActiveCfg = Debug|Any CPU
		{9EB27075-6657-4847-A585-730FAA1709F2}.Debug|Any CPU.Build.0 = Debug|Any CPU
		{9EB27075-6657-4847-A585-730FAA1709F2}.Release|Any CPU.ActiveCfg = Release|Any CPU
		{9EB27075-6657-4847-A585-730FAA1709F2}.Release|Any CPU.Build.0 = Release|Any CPU
		{20B226A1-F1B2-4AC7-A214-625ED336280C}.Debug|Any CPU.ActiveCfg = Debug|Any CPU
		{20B226A1-F1B2-4AC7-A214-625ED336280C}.Debug|Any CPU.Build.0 = Debug|Any CPU
		{20B226A1-F1B2-4AC7-A214-625ED336280C}.Release|Any CPU.ActiveCfg = Release|Any CPU
		{20B226A1-F1B2-4AC7-A214-625ED336280C}.Release|Any CPU.Build.0 = Release|Any CPU
		{7526E19D-C5C5-444A-BBBB-A8D14E070A4B}.Debug|Any CPU.ActiveCfg = Debug|Any CPU
		{7526E19D-C5C5-444A-BBBB-A8D14E070A4B}.Debug|Any CPU.Build.0 = Debug|Any CPU
		{7526E19D-C5C5-444A-BBBB-A8D14E070A4B}.Release|Any CPU.ActiveCfg = Release|Any CPU
		{7526E19D-C5C5-444A-BBBB-A8D14E070A4B}.Release|Any CPU.Build.0 = Release|Any CPU
		{755DBE28-3EE8-48C5-9B2B-FCC568FED781}.Debug|Any CPU.ActiveCfg = Debug|Any CPU
		{755DBE28-3EE8-48C5-9B2B-FCC568FED781}.Debug|Any CPU.Build.0 = Debug|Any CPU
		{755DBE28-3EE8-48C5-9B2B-FCC568FED781}.Release|Any CPU.ActiveCfg = Release|Any CPU
		{755DBE28-3EE8-48C5-9B2B-FCC568FED781}.Release|Any CPU.Build.0 = Release|Any CPU
		{28C23D04-01FC-4DD0-B028-504289D71E19}.Debug|Any CPU.ActiveCfg = Debug|Any CPU
		{28C23D04-01FC-4DD0-B028-504289D71E19}.Debug|Any CPU.Build.0 = Debug|Any CPU
		{28C23D04-01FC-4DD0-B028-504289D71E19}.Release|Any CPU.ActiveCfg = Release|Any CPU
		{28C23D04-01FC-4DD0-B028-504289D71E19}.Release|Any CPU.Build.0 = Release|Any CPU
		{D6AF9E7F-3A99-4C10-832B-5C7F7D0D9A21}.Debug|Any CPU.ActiveCfg = Debug|Any CPU
		{D6AF9E7F-3A99-4C10-832B-5C7F7D0D9A21}.Debug|Any CPU.Build.0 = Debug|Any CPU
		{D6AF9E7F-3A99-4C10-832B-5C7F7D0D9A21}.Release|Any CPU.ActiveCfg = Release|Any CPU
		{D6AF9E7F-3A99-4C10-832B-5C7F7D0D9A21}.Release|Any CPU.Build.0 = Release|Any CPU
		{5ABF4934-E068-402C-BEA0-F705DC2106AD}.Debug|Any CPU.ActiveCfg = Debug|Any CPU
		{5ABF4934-E068-402C-BEA0-F705DC2106AD}.Debug|Any CPU.Build.0 = Debug|Any CPU
		{5ABF4934-E068-402C-BEA0-F705DC2106AD}.Release|Any CPU.ActiveCfg = Release|Any CPU
		{5ABF4934-E068-402C-BEA0-F705DC2106AD}.Release|Any CPU.Build.0 = Release|Any CPU
	EndGlobalSection
	GlobalSection(SolutionProperties) = preSolution
		HideSolutionNode = FALSE
	EndGlobalSection
	GlobalSection(NestedProjects) = preSolution
		{FFA08767-B292-4AF4-83F0-35D05F963D6F} = {10574645-C25B-4D2A-BF59-323908561FA1}
		{6836FCB3-A5F9-4615-84D7-264DB95AC6CA} = {10574645-C25B-4D2A-BF59-323908561FA1}
		{20B226A1-F1B2-4AC7-A214-625ED336280C} = {FFA08767-B292-4AF4-83F0-35D05F963D6F}
		{7526E19D-C5C5-444A-BBBB-A8D14E070A4B} = {FFA08767-B292-4AF4-83F0-35D05F963D6F}
		{755DBE28-3EE8-48C5-9B2B-FCC568FED781} = {6836FCB3-A5F9-4615-84D7-264DB95AC6CA}
		{28C23D04-01FC-4DD0-B028-504289D71E19} = {6836FCB3-A5F9-4615-84D7-264DB95AC6CA}
		{D6AF9E7F-3A99-4C10-832B-5C7F7D0D9A21} = {FFA08767-B292-4AF4-83F0-35D05F963D6F}
		{5ABF4934-E068-402C-BEA0-F705DC2106AD} = {6836FCB3-A5F9-4615-84D7-264DB95AC6CA}
	EndGlobalSection
	GlobalSection(ExtensibilityGlobals) = postSolution
		SolutionGuid = {A1123B1B-18BF-4FA3-9CF9-58CEBF37DBEA}
	EndGlobalSection
EndGlobal
